<?xml version="1.0" encoding="utf-8"?>
<Project ToolsVersion="4.0" xmlns="http://schemas.microsoft.com/developer/msbuild/2003">
  <ItemGroup>
    <Filter Include="Source Files">
      <UniqueIdentifier>{4FC737F1-C7A5-4376-A066-2A32D752A2FF}</UniqueIdentifier>
      <Extensions>cpp;c;cc;cxx;def;odl;idl;hpj;bat;asm;asmx</Extensions>
    </Filter>
    <Filter Include="Header Files">
      <UniqueIdentifier>{93995380-89BD-4b04-88EB-625FBE52EBFB}</UniqueIdentifier>
      <Extensions>h;hh;hpp;hxx;hm;inl;inc;ipp;xsd</Extensions>
    </Filter>
    <Filter Include="Resource Files">
      <UniqueIdentifier>{67DA6AB6-F800-4c08-8B7A-83BB121AAD01}</UniqueIdentifier>
      <Extensions>rc;ico;cur;bmp;dlg;rc2;rct;bin;rgs;gif;jpg;jpeg;jpe;resx;tiff;tif;png;wav;mfcribbon-ms</Extensions>
    </Filter>
    <Filter Include="Header Files\Collision">
      <UniqueIdentifier>{0b9526e3-4912-4dc5-a3b6-733a4dac3819}</UniqueIdentifier>
    </Filter>
    <Filter Include="Header Files\Shapes">
      <UniqueIdentifier>{88f2c4f3-8650-4574-93ed-f19f8d63b895}</UniqueIdentifier>
    </Filter>
    <Filter Include="Source Files\Collision">
      <UniqueIdentifier>{fd9c2744-9fd7-497b-86d0-6ccf9c180dbc}</UniqueIdentifier>
    </Filter>
    <Filter Include="Source Files\Shapes">
      <UniqueIdentifier>{28486d87-093a-4ec2-8fbb-dd383bc0eac0}</UniqueIdentifier>
    </Filter>
    <Filter Include="Header Files\Logging">
      <UniqueIdentifier>{4a82df8d-b763-46e1-b512-d0271969b592}</UniqueIdentifier>
    </Filter>
    <Filter Include="Source Files\Logging">
      <UniqueIdentifier>{03060ce9-2327-4a1a-9028-47db5b44133c}</UniqueIdentifier>
    </Filter>
    <Filter Include="Header Files\Resources">
      <UniqueIdentifier>{4ab5c98b-9b2e-4668-adad-793ed40f63c9}</UniqueIdentifier>
    </Filter>
    <Filter Include="Source Files\Resources">
      <UniqueIdentifier>{2ebbd329-18e5-42ee-ae46-09f68ccdf304}</UniqueIdentifier>
    </Filter>
    <Filter Include="Header Files\Render System">
      <UniqueIdentifier>{8aa9db85-2661-4604-a284-e28127491b12}</UniqueIdentifier>
    </Filter>
    <Filter Include="Source Files\Render System">
      <UniqueIdentifier>{18f6a1d9-c7e4-4ad4-9167-0a8c8f7f0cf2}</UniqueIdentifier>
    </Filter>
    <Filter Include="Header Files\Input">
      <UniqueIdentifier>{dbee65fe-2a88-4a6b-828a-3611c7a709c5}</UniqueIdentifier>
    </Filter>
    <Filter Include="Source Files\Input">
      <UniqueIdentifier>{6a2b22f3-a504-4240-956a-dce256504a80}</UniqueIdentifier>
    </Filter>
  </ItemGroup>
  <ItemGroup>
    <ClCompile Include="main.cpp">
      <Filter>Source Files</Filter>
    </ClCompile>
    <ClCompile Include="Rectangle.cpp">
      <Filter>Source Files\Shapes</Filter>
    </ClCompile>
    <ClCompile Include="Collision.cpp">
      <Filter>Source Files\Collision</Filter>
    </ClCompile>
    <ClCompile Include="Line.cpp">
      <Filter>Source Files\Shapes</Filter>
    </ClCompile>
    <ClCompile Include="Vector2D.cpp">
      <Filter>Source Files\Shapes</Filter>
    </ClCompile>
    <ClCompile Include="Rotation.cpp">
      <Filter>Source Files\Collision</Filter>
    </ClCompile>
    <ClCompile Include="FileLog.cpp">
      <Filter>Source Files\Logging</Filter>
    </ClCompile>
    <ClCompile Include="ConsoleLog.cpp">
      <Filter>Source Files\Logging</Filter>
    </ClCompile>
    <ClCompile Include="LogLocator.cpp">
      <Filter>Source Files\Logging</Filter>
    </ClCompile>
    <ClCompile Include="Renderer.cpp">
      <Filter>Source Files\Resources</Filter>
    </ClCompile>
    <ClCompile Include="Texture.cpp">
      <Filter>Source Files\Resources</Filter>
    </ClCompile>
    <ClCompile Include="TextureCache.cpp">
      <Filter>Source Files\Resources</Filter>
    </ClCompile>
    <ClCompile Include="Window.cpp">
      <Filter>Source Files\Resources</Filter>
    </ClCompile>
    <ClCompile Include="Game.cpp">
      <Filter>Source Files</Filter>
    </ClCompile>
    <ClCompile Include="ResourceManager.cpp">
      <Filter>Source Files</Filter>
    </ClCompile>
    <ClCompile Include="SettingIO.cpp">
      <Filter>Source Files</Filter>
    </ClCompile>
    <ClCompile Include="Quadtree.cpp">
      <Filter>Source Files</Filter>
    </ClCompile>
    <ClCompile Include="Animation.cpp">
      <Filter>Source Files\Resources</Filter>
    </ClCompile>
    <ClCompile Include="AnimationCache.cpp">
      <Filter>Source Files\Resources</Filter>
    </ClCompile>
    <ClCompile Include="AnimationSet.cpp">
      <Filter>Source Files\Resources</Filter>
    </ClCompile>
    <ClCompile Include="Animator.cpp">
      <Filter>Source Files\Render System</Filter>
    </ClCompile>
    <ClCompile Include="Camera2D.cpp">
      <Filter>Source Files\Render System</Filter>
    </ClCompile>
    <ClCompile Include="RenderSystem.cpp">
      <Filter>Source Files\Render System</Filter>
    </ClCompile>
    <ClCompile Include="Sprite.cpp">
      <Filter>Source Files\Render System</Filter>
    </ClCompile>
    <ClCompile Include="BBMath.cpp">
      <Filter>Source Files</Filter>
    </ClCompile>
    <ClCompile Include="PhysicsSystem.cpp">
      <Filter>Source Files\Collision</Filter>
    </ClCompile>
    <ClCompile Include="Velocity.cpp">
      <Filter>Source Files\Collision</Filter>
    </ClCompile>
    <ClCompile Include="CollisionBox.cpp">
      <Filter>Source Files\Collision</Filter>
    </ClCompile>
    <ClCompile Include="InputDevice.cpp">
      <Filter>Source Files\Input</Filter>
    </ClCompile>
    <ClCompile Include="InputSystem.cpp">
      <Filter>Source Files\Input</Filter>
    </ClCompile>
    <ClCompile Include="Gamepad.cpp">
      <Filter>Source Files\Input</Filter>
    </ClCompile>
    <ClCompile Include="KBM.cpp">
      <Filter>Source Files\Input</Filter>
    </ClCompile>
    <ClCompile Include="MessageSystem.cpp">
      <Filter>Source Files</Filter>
    </ClCompile>
  </ItemGroup>
  <ItemGroup>
    <ClInclude Include="HeaderTemplate.h">
      <Filter>Resource Files</Filter>
    </ClInclude>
    <ClInclude Include="Collision.h">
      <Filter>Header Files\Collision</Filter>
    </ClInclude>
    <ClInclude Include="Line.h">
      <Filter>Header Files\Shapes</Filter>
    </ClInclude>
    <ClInclude Include="Rectangle.h">
      <Filter>Header Files\Shapes</Filter>
    </ClInclude>
    <ClInclude Include="Rotation.h">
      <Filter>Header Files\Collision</Filter>
    </ClInclude>
    <ClInclude Include="Vector2D.h">
      <Filter>Header Files\Shapes</Filter>
    </ClInclude>
    <ClInclude Include="FileLog.h">
      <Filter>Header Files\Logging</Filter>
    </ClInclude>
    <ClInclude Include="ConsoleLog.h">
      <Filter>Header Files\Logging</Filter>
    </ClInclude>
    <ClInclude Include="ILog.h">
      <Filter>Header Files\Logging</Filter>
    </ClInclude>
    <ClInclude Include="LogLocator.h">
      <Filter>Header Files\Logging</Filter>
    </ClInclude>
    <ClInclude Include="NullLog.h">
      <Filter>Header Files\Logging</Filter>
    </ClInclude>
    <ClInclude Include="Texture.h">
      <Filter>Header Files\Resources</Filter>
    </ClInclude>
    <ClInclude Include="TextureCache.h">
      <Filter>Header Files\Resources</Filter>
    </ClInclude>
    <ClInclude Include="Renderer.h">
      <Filter>Header Files\Resources</Filter>
    </ClInclude>
    <ClInclude Include="Window.h">
      <Filter>Header Files\Resources</Filter>
    </ClInclude>
    <ClInclude Include="Game.h">
      <Filter>Header Files</Filter>
    </ClInclude>
    <ClInclude Include="ResourceManager.h">
      <Filter>Header Files</Filter>
    </ClInclude>
    <ClInclude Include="SettingIO.h">
      <Filter>Header Files</Filter>
    </ClInclude>
    <ClInclude Include="Node.h">
      <Filter>Header Files</Filter>
    </ClInclude>
    <ClInclude Include="Grid.h">
      <Filter>Header Files</Filter>
    </ClInclude>
    <ClInclude Include="Quadtree.h">
      <Filter>Header Files</Filter>
    </ClInclude>
    <ClInclude Include="Animation.h">
      <Filter>Header Files\Resources</Filter>
    </ClInclude>
    <ClInclude Include="AnimationSet.h">
      <Filter>Header Files\Resources</Filter>
    </ClInclude>
    <ClInclude Include="AnimationCache.h">
      <Filter>Header Files\Resources</Filter>
    </ClInclude>
    <ClInclude Include="Animator.h">
      <Filter>Header Files\Render System</Filter>
    </ClInclude>
    <ClInclude Include="Camera2D.h">
      <Filter>Header Files\Render System</Filter>
    </ClInclude>
    <ClInclude Include="RenderSystem.h">
      <Filter>Header Files\Render System</Filter>
    </ClInclude>
    <ClInclude Include="Sprite.h">
      <Filter>Header Files\Render System</Filter>
    </ClInclude>
    <ClInclude Include="BBMath.h">
      <Filter>Header Files</Filter>
    </ClInclude>
    <ClInclude Include="CollisionBox.h">
      <Filter>Header Files\Collision</Filter>
    </ClInclude>
    <ClInclude Include="PhysicsSystem.h">
      <Filter>Header Files\Collision</Filter>
    </ClInclude>
    <ClInclude Include="Velocity.h">
      <Filter>Header Files\Collision</Filter>
    </ClInclude>
    <ClInclude Include="LinkedList.h">
      <Filter>Header Files</Filter>
    </ClInclude>
    <ClInclude Include="InputDevice.h">
      <Filter>Header Files\Input</Filter>
    </ClInclude>
    <ClInclude Include="InputSystem.h">
      <Filter>Header Files\Input</Filter>
    </ClInclude>
    <ClInclude Include="Gamepad.h">
      <Filter>Header Files\Input</Filter>
    </ClInclude>
    <ClInclude Include="KBM.h">
      <Filter>Header Files\Input</Filter>
    </ClInclude>
    <ClInclude Include="MessageSystem.h">
      <Filter>Header Files</Filter>
    </ClInclude>
    <ClInclude Include="IMessage.h">
      <Filter>Header Files</Filter>
    </ClInclude>
    <ClInclude Include="InputMessage.h">
      <Filter>Header Files</Filter>
    </ClInclude>
    <ClInclude Include="MessageLocator.h">
      <Filter>Header Files</Filter>
    </ClInclude>
    <ClInclude Include="Messages.h">
      <Filter>Header Files\Logging</Filter>
    </ClInclude>
  </ItemGroup>
</Project>